
Microsoft Visual Studio Solution File, Format Version 12.00
# Visual Studio Version 16
VisualStudioVersion = 16.0.32228.343
MinimumVisualStudioVersion = 10.0.40219.1
Project("{9A19103F-16F7-4668-BE54-9A1E7A4F7556}") = "Server", "Server\Server.csproj", "{F5ACDEB6-118F-45FC-8F30-DBCBA21E2BED}"
EndProject
Project("{9A19103F-16F7-4668-BE54-9A1E7A4F7556}") = "NetProtocol", "NetProtocol\NetProtocol.csproj", "{F5EFFD23-B3CF-488C-92FB-0362D600684F}"
EndProject
Project("{9A19103F-16F7-4668-BE54-9A1E7A4F7556}") = "TestExample", "TestExample\TestExample.csproj", "{CC9E9D0F-C4A8-4E2A-8EE8-A4E041305E72}"
EndProject
Global
	GlobalSection(SolutionConfigurationPlatforms) = preSolution
		Debug|Any CPU = Debug|Any CPU
		Release|Any CPU = Release|Any CPU
	EndGlobalSection
	GlobalSection(ProjectConfigurationPlatforms) = postSolution
		{F5ACDEB6-118F-45FC-8F30-DBCBA21E2BED}.Debug|Any CPU.ActiveCfg = Debug|Any CPU
		{F5ACDEB6-118F-45FC-8F30-DBCBA21E2BED}.Debug|Any CPU.Build.0 = Debug|Any CPU
		{F5ACDEB6-118F-45FC-8F30-DBCBA21E2BED}.Release|Any CPU.ActiveCfg = Release|Any CPU
		{F5ACDEB6-118F-45FC-8F30-DBCBA21E2BED}.Release|Any CPU.Build.0 = Release|Any CPU
		{F5EFFD23-B3CF-488C-92FB-0362D600684F}.Debug|Any CPU.ActiveCfg = Debug|Any CPU
		{F5EFFD23-B3CF-488C-92FB-0362D600684F}.Debug|Any CPU.Build.0 = Debug|Any CPU
		{F5EFFD23-B3CF-488C-92FB-0362D600684F}.Release|Any CPU.ActiveCfg = Release|Any CPU
		{F5EFFD23-B3CF-488C-92FB-0362D600684F}.Release|Any CPU.Build.0 = Release|Any CPU
		{CC9E9D0F-C4A8-4E2A-8EE8-A4E041305E72}.Debug|Any CPU.ActiveCfg = Debug|Any CPU
		{CC9E9D0F-C4A8-4E2A-8EE8-A4E041305E72}.Debug|Any CPU.Build.0 = Debug|Any CPU
		{CC9E9D0F-C4A8-4E2A-8EE8-A4E041305E72}.Release|Any CPU.ActiveCfg = Release|Any CPU
		{CC9E9D0F-C4A8-4E2A-8EE8-A4E041305E72}.Release|Any CPU.Build.0 = Release|Any CPU
	EndGlobalSection
	GlobalSection(SolutionProperties) = preSolution
		HideSolutionNode = FALSE
	EndGlobalSection
	GlobalSection(ExtensibilityGlobals) = postSolution
		SolutionGuid = {CDEED732-C4BE-45B8-A5E5-87D59B47F381}
	EndGlobalSection
EndGlobal
